// !$*UTF8*$!
{
	archiveVersion = 1;
	classes = {
	};
	objectVersion = 56;
	objects = {

/* Begin PBXBuildFile section */
		0A9E7EC929AB7BB200DD4D19 /* Assistant_GPTApp.swift in Sources */ = {isa = PBXBuildFile; fileRef = 0A9E7EC829AB7BB200DD4D19 /* Assistant_GPTApp.swift */; };
		0A9E7ECD29AB7BB300DD4D19 /* Assets.xcassets in Resources */ = {isa = PBXBuildFile; fileRef = 0A9E7ECC29AB7BB300DD4D19 /* Assets.xcassets */; };
		0A9E7ED129AB7BB300DD4D19 /* Preview Assets.xcassets in Resources */ = {isa = PBXBuildFile; fileRef = 0A9E7ED029AB7BB300DD4D19 /* Preview Assets.xcassets */; };
		0A9E7EDB29AB7BB300DD4D19 /* Assistant_GPTTests.swift in Sources */ = {isa = PBXBuildFile; fileRef = 0A9E7EDA29AB7BB300DD4D19 /* Assistant_GPTTests.swift */; };
		0A9E7EE529AB7BB300DD4D19 /* Assistant_GPTUITests.swift in Sources */ = {isa = PBXBuildFile; fileRef = 0A9E7EE429AB7BB300DD4D19 /* Assistant_GPTUITests.swift */; };
		0A9E7EE729AB7BB300DD4D19 /* Assistant_GPTUITestsLaunchTests.swift in Sources */ = {isa = PBXBuildFile; fileRef = 0A9E7EE629AB7BB300DD4D19 /* Assistant_GPTUITestsLaunchTests.swift */; };
		0A9E7EF429AB7BE800DD4D19 /* MacView.swift in Sources */ = {isa = PBXBuildFile; fileRef = 0A9E7EF329AB7BE800DD4D19 /* MacView.swift */; };
		0A9E7EF629AB7C2400DD4D19 /* PhoneView.swift in Sources */ = {isa = PBXBuildFile; fileRef = 0A9E7EF529AB7C2400DD4D19 /* PhoneView.swift */; };
/* End PBXBuildFile section */

/* Begin PBXContainerItemProxy section */
		0A9E7ED729AB7BB300DD4D19 /* PBXContainerItemProxy */ = {
			isa = PBXContainerItemProxy;
			containerPortal = 0A9E7EBD29AB7BB200DD4D19 /* Project object */;
			proxyType = 1;
			remoteGlobalIDString = 0A9E7EC429AB7BB200DD4D19;
			remoteInfo = "Assistant GPT";
		};
		0A9E7EE129AB7BB300DD4D19 /* PBXContainerItemProxy */ = {
			isa = PBXContainerItemProxy;
			containerPortal = 0A9E7EBD29AB7BB200DD4D19 /* Project object */;
			proxyType = 1;
			remoteGlobalIDString = 0A9E7EC429AB7BB200DD4D19;
			remoteInfo = "Assistant GPT";
		};
/* End PBXContainerItemProxy section */

/* Begin PBXFileReference section */
		0A9E7EC529AB7BB200DD4D19 /* Assistant GPT.app */ = {isa = PBXFileReference; explicitFileType = wrapper.application; includeInIndex = 0; path = "Assistant GPT.app"; sourceTree = BUILT_PRODUCTS_DIR; };
		0A9E7EC829AB7BB200DD4D19 /* Assistant_GPTApp.swift */ = {isa = PBXFileReference; lastKnownFileType = sourcecode.swift; path = Assistant_GPTApp.swift; sourceTree = "<group>"; };
		0A9E7ECC29AB7BB300DD4D19 /* Assets.xcassets */ = {isa = PBXFileReference; lastKnownFileType = folder.assetcatalog; path = Assets.xcassets; sourceTree = "<group>"; };
		0A9E7ECE29AB7BB300DD4D19 /* Assistant_GPT.entitlements */ = {isa = PBXFileReference; lastKnownFileType = text.plist.entitlements; path = Assistant_GPT.entitlements; sourceTree = "<group>"; };
		0A9E7ED029AB7BB300DD4D19 /* Preview Assets.xcassets */ = {isa = PBXFileReference; lastKnownFileType = folder.assetcatalog; path = "Preview Assets.xcassets"; sourceTree = "<group>"; };
		0A9E7ED629AB7BB300DD4D19 /* Assistant GPTTests.xctest */ = {isa = PBXFileReference; explicitFileType = wrapper.cfbundle; includeInIndex = 0; path = "Assistant GPTTests.xctest"; sourceTree = BUILT_PRODUCTS_DIR; };
		0A9E7EDA29AB7BB300DD4D19 /* Assistant_GPTTests.swift */ = {isa = PBXFileReference; lastKnownFileType = sourcecode.swift; path = Assistant_GPTTests.swift; sourceTree = "<group>"; };
		0A9E7EE029AB7BB300DD4D19 /* Assistant GPTUITests.xctest */ = {isa = PBXFileReference; explicitFileType = wrapper.cfbundle; includeInIndex = 0; path = "Assistant GPTUITests.xctest"; sourceTree = BUILT_PRODUCTS_DIR; };
		0A9E7EE429AB7BB300DD4D19 /* Assistant_GPTUITests.swift */ = {isa = PBXFileReference; lastKnownFileType = sourcecode.swift; path = Assistant_GPTUITests.swift; sourceTree = "<group>"; };
		0A9E7EE629AB7BB300DD4D19 /* Assistant_GPTUITestsLaunchTests.swift */ = {isa = PBXFileReference; lastKnownFileType = sourcecode.swift; path = Assistant_GPTUITestsLaunchTests.swift; sourceTree = "<group>"; };
		0A9E7EF329AB7BE800DD4D19 /* MacView.swift */ = {isa = PBXFileReference; lastKnownFileType = sourcecode.swift; path = MacView.swift; sourceTree = "<group>"; };
		0A9E7EF529AB7C2400DD4D19 /* PhoneView.swift */ = {isa = PBXFileReference; lastKnownFileType = sourcecode.swift; path = PhoneView.swift; sourceTree = "<group>"; };
/* End PBXFileReference section */

/* Begin PBXFrameworksBuildPhase section */
		0A9E7EC229AB7BB200DD4D19 /* Frameworks */ = {
			isa = PBXFrameworksBuildPhase;
			buildActionMask = 2147483647;
			files = (
			);
			runOnlyForDeploymentPostprocessing = 0;
		};
		0A9E7ED329AB7BB300DD4D19 /* Frameworks */ = {
			isa = PBXFrameworksBuildPhase;
			buildActionMask = 2147483647;
			files = (
			);
			runOnlyForDeploymentPostprocessing = 0;
		};
		0A9E7EDD29AB7BB300DD4D19 /* Frameworks */ = {
			isa = PBXFrameworksBuildPhase;
			buildActionMask = 2147483647;
			files = (
			);
			runOnlyForDeploymentPostprocessing = 0;
		};
/* End PBXFrameworksBuildPhase section */

/* Begin PBXGroup section */
		0A9E7EBC29AB7BB200DD4D19 = {
			isa = PBXGroup;
			children = (
				0A9E7EC729AB7BB200DD4D19 /* Assistant GPT */,
				0A9E7ED929AB7BB300DD4D19 /* Assistant GPTTests */,
				0A9E7EE329AB7BB300DD4D19 /* Assistant GPTUITests */,
				0A9E7EC629AB7BB200DD4D19 /* Products */,
			);
			sourceTree = "<group>";
		};
		0A9E7EC629AB7BB200DD4D19 /* Products */ = {
			isa = PBXGroup;
			children = (
				0A9E7EC529AB7BB200DD4D19 /* Assistant GPT.app */,
				0A9E7ED629AB7BB300DD4D19 /* Assistant GPTTests.xctest */,
				0A9E7EE029AB7BB300DD4D19 /* Assistant GPTUITests.xctest */,
			);
			name = Products;
			sourceTree = "<group>";
		};
		0A9E7EC729AB7BB200DD4D19 /* Assistant GPT */ = {
			isa = PBXGroup;
			children = (
				0A9E7EC829AB7BB200DD4D19 /* Assistant_GPTApp.swift */,
				0A9E7EF329AB7BE800DD4D19 /* MacView.swift */,
				0A9E7EF529AB7C2400DD4D19 /* PhoneView.swift */,
				0A9E7ECC29AB7BB300DD4D19 /* Assets.xcassets */,
				0A9E7ECE29AB7BB300DD4D19 /* Assistant_GPT.entitlements */,
				0A9E7ECF29AB7BB300DD4D19 /* Preview Content */,
			);
			path = "Assistant GPT";
			sourceTree = "<group>";
		};
		0A9E7ECF29AB7BB300DD4D19 /* Preview Content */ = {
			isa = PBXGroup;
			children = (
				0A9E7ED029AB7BB300DD4D19 /* Preview Assets.xcassets */,
			);
			path = "Preview Content";
			sourceTree = "<group>";
		};
		0A9E7ED929AB7BB300DD4D19 /* Assistant GPTTests */ = {
			isa = PBXGroup;
			children = (
				0A9E7EDA29AB7BB300DD4D19 /* Assistant_GPTTests.swift */,
			);
			path = "Assistant GPTTests";
			sourceTree = "<group>";
		};
		0A9E7EE329AB7BB300DD4D19 /* Assistant GPTUITests */ = {
			isa = PBXGroup;
			children = (
				0A9E7EE429AB7BB300DD4D19 /* Assistant_GPTUITests.swift */,
				0A9E7EE629AB7BB300DD4D19 /* Assistant_GPTUITestsLaunchTests.swift */,
			);
			path = "Assistant GPTUITests";
			sourceTree = "<group>";
		};
/* End PBXGroup section */

/* Begin PBXNativeTarget section */
		0A9E7EC429AB7BB200DD4D19 /* Assistant GPT */ = {
			isa = PBXNativeTarget;
			buildConfigurationList = 0A9E7EEA29AB7BB300DD4D19 /* Build configuration list for PBXNativeTarget "Assistant GPT" */;
			buildPhases = (
				0A9E7EC129AB7BB200DD4D19 /* Sources */,
				0A9E7EC229AB7BB200DD4D19 /* Frameworks */,
				0A9E7EC329AB7BB200DD4D19 /* Resources */,
			);
			buildRules = (
			);
			dependencies = (
			);
			name = "Assistant GPT";
			productName = "Assistant GPT";
			productReference = 0A9E7EC529AB7BB200DD4D19 /* Assistant GPT.app */;
			productType = "com.apple.product-type.application";
		};
		0A9E7ED529AB7BB300DD4D19 /* Assistant GPTTests */ = {
			isa = PBXNativeTarget;
			buildConfigurationList = 0A9E7EED29AB7BB300DD4D19 /* Build configuration list for PBXNativeTarget "Assistant GPTTests" */;
			buildPhases = (
				0A9E7ED229AB7BB300DD4D19 /* Sources */,
				0A9E7ED329AB7BB300DD4D19 /* Frameworks */,
				0A9E7ED429AB7BB300DD4D19 /* Resources */,
			);
			buildRules = (
			);
			dependencies = (
				0A9E7ED829AB7BB300DD4D19 /* PBXTargetDependency */,
			);
			name = "Assistant GPTTests";
			productName = "Assistant GPTTests";
			productReference = 0A9E7ED629AB7BB300DD4D19 /* Assistant GPTTests.xctest */;
			productType = "com.apple.product-type.bundle.unit-test";
		};
		0A9E7EDF29AB7BB300DD4D19 /* Assistant GPTUITests */ = {
			isa = PBXNativeTarget;
			buildConfigurationList = 0A9E7EF029AB7BB300DD4D19 /* Build configuration list for PBXNativeTarget "Assistant GPTUITests" */;
			buildPhases = (
				0A9E7EDC29AB7BB300DD4D19 /* Sources */,
				0A9E7EDD29AB7BB300DD4D19 /* Frameworks */,
				0A9E7EDE29AB7BB300DD4D19 /* Resources */,
			);
			buildRules = (
			);
			dependencies = (
				0A9E7EE229AB7BB300DD4D19 /* PBXTargetDependency */,
			);
			name = "Assistant GPTUITests";
			productName = "Assistant GPTUITests";
			productReference = 0A9E7EE029AB7BB300DD4D19 /* Assistant GPTUITests.xctest */;
			productType = "com.apple.product-type.bundle.ui-testing";
		};
/* End PBXNativeTarget section */

/* Begin PBXProject section */
		0A9E7EBD29AB7BB200DD4D19 /* Project object */ = {
			isa = PBXProject;
			attributes = {
				BuildIndependentTargetsInParallel = 1;
				LastSwiftUpdateCheck = 1420;
				LastUpgradeCheck = 1420;
				TargetAttributes = {
					0A9E7EC429AB7BB200DD4D19 = {
						CreatedOnToolsVersion = 14.2;
					};
					0A9E7ED529AB7BB300DD4D19 = {
						CreatedOnToolsVersion = 14.2;
						TestTargetID = 0A9E7EC429AB7BB200DD4D19;
					};
					0A9E7EDF29AB7BB300DD4D19 = {
						CreatedOnToolsVersion = 14.2;
						TestTargetID = 0A9E7EC429AB7BB200DD4D19;
					};
				};
			};
			buildConfigurationList = 0A9E7EC029AB7BB200DD4D19 /* Build configuration list for PBXProject "Assistant GPT" */;
			compatibilityVersion = "Xcode 14.0";
			developmentRegion = en;
			hasScannedForEncodings = 0;
			knownRegions = (
				en,
				Base,
			);
			mainGroup = 0A9E7EBC29AB7BB200DD4D19;
			productRefGroup = 0A9E7EC629AB7BB200DD4D19 /* Products */;
			projectDirPath = "";
			projectRoot = "";
			targets = (
				0A9E7EC429AB7BB200DD4D19 /* Assistant GPT */,
				0A9E7ED529AB7BB300DD4D19 /* Assistant GPTTests */,
				0A9E7EDF29AB7BB300DD4D19 /* Assistant GPTUITests */,
			);
		};
/* End PBXProject section */

/* Begin PBXResourcesBuildPhase section */
		0A9E7EC329AB7BB200DD4D19 /* Resources */ = {
			isa = PBXResourcesBuildPhase;
			buildActionMask = 2147483647;
			files = (
				0A9E7ED129AB7BB300DD4D19 /* Preview Assets.xcassets in Resources */,
				0A9E7ECD29AB7BB300DD4D19 /* Assets.xcassets in Resources */,
			);
			runOnlyForDeploymentPostprocessing = 0;
		};
		0A9E7ED429AB7BB300DD4D19 /* Resources */ = {
			isa = PBXResourcesBuildPhase;
			buildActionMask = 2147483647;
			files = (
			);
			runOnlyForDeploymentPostprocessing = 0;
		};
		0A9E7EDE29AB7BB300DD4D19 /* Resources */ = {
			isa = PBXResourcesBuildPhase;
			buildActionMask = 2147483647;
			files = (
			);
			runOnlyForDeploymentPostprocessing = 0;
		};
/* End PBXResourcesBuildPhase section */

/* Begin PBXSourcesBuildPhase section */
		0A9E7EC129AB7BB200DD4D19 /* Sources */ = {
			isa = PBXSourcesBuildPhase;
			buildActionMask = 2147483647;
			files = (
				0A9E7EF429AB7BE800DD4D19 /* MacView.swift in Sources */,
				0A9E7EC929AB7BB200DD4D19 /* Assistant_GPTApp.swift in Sources */,
				0A9E7EF629AB7C2400DD4D19 /* PhoneView.swift in Sources */,
			);
			runOnlyForDeploymentPostprocessing = 0;
		};
		0A9E7ED229AB7BB300DD4D19 /* Sources */ = {
			isa = PBXSourcesBuildPhase;
			buildActionMask = 2147483647;
			files = (
				0A9E7EDB29AB7BB300DD4D19 /* Assistant_GPTTests.swift in Sources */,
			);
			runOnlyForDeploymentPostprocessing = 0;
		};
		0A9E7EDC29AB7BB300DD4D19 /* Sources */ = {
			isa = PBXSourcesBuildPhase;
			buildActionMask = 2147483647;
			files = (
				0A9E7EE529AB7BB300DD4D19 /* Assistant_GPTUITests.swift in Sources */,
				0A9E7EE729AB7BB300DD4D19 /* Assistant_GPTUITestsLaunchTests.swift in Sources */,
			);
			runOnlyForDeploymentPostprocessing = 0;
		};
/* End PBXSourcesBuildPhase section */

/* Begin PBXTargetDependency section */
		0A9E7ED829AB7BB300DD4D19 /* PBXTargetDependency */ = {
			isa = PBXTargetDependency;
			target = 0A9E7EC429AB7BB200DD4D19 /* Assistant GPT */;
			targetProxy = 0A9E7ED729AB7BB300DD4D19 /* PBXContainerItemProxy */;
		};
		0A9E7EE229AB7BB300DD4D19 /* PBXTargetDependency */ = {
			isa = PBXTargetDependency;
			target = 0A9E7EC429AB7BB200DD4D19 /* Assistant GPT */;
			targetProxy = 0A9E7EE129AB7BB300DD4D19 /* PBXContainerItemProxy */;
		};
/* End PBXTargetDependency section */

/* Begin XCBuildConfiguration section */
		0A9E7EE829AB7BB300DD4D19 /* Debug */ = {
			isa = XCBuildConfiguration;
			buildSettings = {
				ALWAYS_SEARCH_USER_PATHS = NO;
				CLANG_ANALYZER_NONNULL = YES;
				CLANG_ANALYZER_NUMBER_OBJECT_CONVERSION = YES_AGGRESSIVE;
				CLANG_CXX_LANGUAGE_STANDARD = "gnu++20";
				CLANG_ENABLE_MODULES = YES;
				CLANG_ENABLE_OBJC_ARC = YES;
				CLANG_ENABLE_OBJC_WEAK = YES;
				CLANG_WARN_BLOCK_CAPTURE_AUTORELEASING = YES;
				CLANG_WARN_BOOL_CONVERSION = YES;
				CLANG_WARN_COMMA = YES;
				CLANG_WARN_CONSTANT_CONVERSION = YES;
				CLANG_WARN_DEPRECATED_OBJC_IMPLEMENTATIONS = YES;
				CLANG_WARN_DIRECT_OBJC_ISA_USAGE = YES_ERROR;
				CLANG_WARN_DOCUMENTATION_COMMENTS = YES;
				CLANG_WARN_EMPTY_BODY = YES;
				CLANG_WARN_ENUM_CONVERSION = YES;
				CLANG_WARN_INFINITE_RECURSION = YES;
				CLANG_WARN_INT_CONVERSION = YES;
				CLANG_WARN_NON_LITERAL_NULL_CONVERSION = YES;
				CLANG_WARN_OBJC_IMPLICIT_RETAIN_SELF = YES;
				CLANG_WARN_OBJC_LITERAL_CONVERSION = YES;
				CLANG_WARN_OBJC_ROOT_CLASS = YES_ERROR;
				CLANG_WARN_QUOTED_INCLUDE_IN_FRAMEWORK_HEADER = YES;
				CLANG_WARN_RANGE_LOOP_ANALYSIS = YES;
				CLANG_WARN_STRICT_PROTOTYPES = YES;
				CLANG_WARN_SUSPICIOUS_MOVE = YES;
				CLANG_WARN_UNGUARDED_AVAILABILITY = YES_AGGRESSIVE;
				CLANG_WARN_UNREACHABLE_CODE = YES;
				CLANG_WARN__DUPLICATE_METHOD_MATCH = YES;
				COPY_PHASE_STRIP = NO;
				DEBUG_INFORMATION_FORMAT = dwarf;
				ENABLE_STRICT_OBJC_MSGSEND = YES;
				ENABLE_TESTABILITY = YES;
				GCC_C_LANGUAGE_STANDARD = gnu11;
				GCC_DYNAMIC_NO_PIC = NO;
				GCC_NO_COMMON_BLOCKS = YES;
				GCC_OPTIMIZATION_LEVEL = 0;
				GCC_PREPROCESSOR_DEFINITIONS = (
					"DEBUG=1",
					"$(inherited)",
				);
				GCC_WARN_64_TO_32_BIT_CONVERSION = YES;
				GCC_WARN_ABOUT_RETURN_TYPE = YES_ERROR;
				GCC_WARN_UNDECLARED_SELECTOR = YES;
				GCC_WARN_UNINITIALIZED_AUTOS = YES_AGGRESSIVE;
				GCC_WARN_UNUSED_FUNCTION = YES;
				GCC_WARN_UNUSED_VARIABLE = YES;
				IPHONEOS_DEPLOYMENT_TARGET = 16.0;
				MACOSX_DEPLOYMENT_TARGET = 13.0;
				MTL_ENABLE_DEBUG_INFO = INCLUDE_SOURCE;
				MTL_FAST_MATH = YES;
				ONLY_ACTIVE_ARCH = YES;
				SWIFT_ACTIVE_COMPILATION_CONDITIONS = DEBUG;
				SWIFT_OPTIMIZATION_LEVEL = "-Onone";
			};
			name = Debug;
		};
		0A9E7EE929AB7BB300DD4D19 /* Release */ = {
			isa = XCBuildConfiguration;
			buildSettings = {
				ALWAYS_SEARCH_USER_PATHS = NO;
				CLANG_ANALYZER_NONNULL = YES;
				CLANG_ANALYZER_NUMBER_OBJECT_CONVERSION = YES_AGGRESSIVE;
				CLANG_CXX_LANGUAGE_STANDARD = "gnu++20";
				CLANG_ENABLE_MODULES = YES;
				CLANG_ENABLE_OBJC_ARC = YES;
				CLANG_ENABLE_OBJC_WEAK = YES;
				CLANG_WARN_BLOCK_CAPTURE_AUTORELEASING = YES;
				CLANG_WARN_BOOL_CONVERSION = YES;
				CLANG_WARN_COMMA = YES;
				CLANG_WARN_CONSTANT_CONVERSION = YES;
				CLANG_WARN_DEPRECATED_OBJC_IMPLEMENTATIONS = YES;
				CLANG_WARN_DIRECT_OBJC_ISA_USAGE = YES_ERROR;
				CLANG_WARN_DOCUMENTATION_COMMENTS = YES;
				CLANG_WARN_EMPTY_BODY = YES;
				CLANG_WARN_ENUM_CONVERSION = YES;
				CLANG_WARN_INFINITE_RECURSION = YES;
				CLANG_WARN_INT_CONVERSION = YES;
				CLANG_WARN_NON_LITERAL_NULL_CONVERSION = YES;
				CLANG_WARN_OBJC_IMPLICIT_RETAIN_SELF = YES;
				CLANG_WARN_OBJC_LITERAL_CONVERSION = YES;
				CLANG_WARN_OBJC_ROOT_CLASS = YES_ERROR;
				CLANG_WARN_QUOTED_INCLUDE_IN_FRAMEWORK_HEADER = YES;
				CLANG_WARN_RANGE_LOOP_ANALYSIS = YES;
				CLANG_WARN_STRICT_PROTOTYPES = YES;
				CLANG_WARN_SUSPICIOUS_MOVE = YES;
				CLANG_WARN_UNGUARDED_AVAILABILITY = YES_AGGRESSIVE;
				CLANG_WARN_UNREACHABLE_CODE = YES;
				CLANG_WARN__DUPLICATE_METHOD_MATCH = YES;
				COPY_PHASE_STRIP = NO;
				DEBUG_INFORMATION_FORMAT = "dwarf-with-dsym";
				ENABLE_NS_ASSERTIONS = NO;
				ENABLE_STRICT_OBJC_MSGSEND = YES;
				GCC_C_LANGUAGE_STANDARD = gnu11;
				GCC_NO_COMMON_BLOCKS = YES;
				GCC_WARN_64_TO_32_BIT_CONVERSION = YES;
				GCC_WARN_ABOUT_RETURN_TYPE = YES_ERROR;
				GCC_WARN_UNDECLARED_SELECTOR = YES;
				GCC_WARN_UNINITIALIZED_AUTOS = YES_AGGRESSIVE;
				GCC_WARN_UNUSED_FUNCTION = YES;
				GCC_WARN_UNUSED_VARIABLE = YES;
				IPHONEOS_DEPLOYMENT_TARGET = 16.0;
				MACOSX_DEPLOYMENT_TARGET = 13.0;
				MTL_ENABLE_DEBUG_INFO = NO;
				MTL_FAST_MATH = YES;
				SWIFT_COMPILATION_MODE = wholemodule;
				SWIFT_OPTIMIZATION_LEVEL = "-O";
			};
			name = Release;
		};
		0A9E7EEB29AB7BB300DD4D19 /* Debug */ = {
			isa = XCBuildConfiguration;
			buildSettings = {
				ASSETCATALOG_COMPILER_APPICON_NAME = AppIcon;
				ASSETCATALOG_COMPILER_GLOBAL_ACCENT_COLOR_NAME = AccentColor;
				CODE_SIGN_ENTITLEMENTS = "Assistant GPT/Assistant_GPT.entitlements";
				CODE_SIGN_STYLE = Automatic;
				CURRENT_PROJECT_VERSION = 30;
				DEVELOPMENT_ASSET_PATHS = "\"Assistant GPT/Preview Content\"";
				DEVELOPMENT_TEAM = RV78ENMXZ2;
				ENABLE_HARDENED_RUNTIME = YES;
				ENABLE_PREVIEWS = YES;
				GENERATE_INFOPLIST_FILE = YES;
				INFOPLIST_KEY_CFBundleDisplayName = Assistant;
				"INFOPLIST_KEY_UIApplicationSceneManifest_Generation[sdk=iphoneos*]" = YES;
				"INFOPLIST_KEY_UIApplicationSceneManifest_Generation[sdk=iphonesimulator*]" = YES;
				"INFOPLIST_KEY_UIApplicationSupportsIndirectInputEvents[sdk=iphoneos*]" = YES;
				"INFOPLIST_KEY_UIApplicationSupportsIndirectInputEvents[sdk=iphonesimulator*]" = YES;
				"INFOPLIST_KEY_UILaunchScreen_Generation[sdk=iphoneos*]" = YES;
				"INFOPLIST_KEY_UILaunchScreen_Generation[sdk=iphonesimulator*]" = YES;
				"INFOPLIST_KEY_UIStatusBarStyle[sdk=iphoneos*]" = UIStatusBarStyleDefault;
				"INFOPLIST_KEY_UIStatusBarStyle[sdk=iphonesimulator*]" = UIStatusBarStyleDefault;
				INFOPLIST_KEY_UISupportedInterfaceOrientations = UIInterfaceOrientationPortrait;
				INFOPLIST_KEY_UISupportedInterfaceOrientations_iPad = "UIInterfaceOrientationLandscapeLeft UIInterfaceOrientationLandscapeRight UIInterfaceOrientationPortrait UIInterfaceOrientationPortraitUpsideDown";
				IPHONEOS_DEPLOYMENT_TARGET = 16.0;
				LD_RUNPATH_SEARCH_PATHS = "@executable_path/Frameworks";
				"LD_RUNPATH_SEARCH_PATHS[sdk=macosx*]" = "@executable_path/../Frameworks";
				MACOSX_DEPLOYMENT_TARGET = 13.0;
				MARKETING_VERSION = 1.0;
				PRODUCT_BUNDLE_IDENTIFIER = "luckdev.Assistant-GPT";
				PRODUCT_NAME = "$(TARGET_NAME)";
				SDKROOT = auto;
				SUPPORTED_PLATFORMS = "iphoneos iphonesimulator macosx";
				SWIFT_EMIT_LOC_STRINGS = YES;
				SWIFT_VERSION = 5.0;
				TARGETED_DEVICE_FAMILY = "1,2";
			};
			name = Debug;
		};
		0A9E7EEC29AB7BB300DD4D19 /* Release */ = {
			isa = XCBuildConfiguration;
			buildSettings = {
				ASSETCATALOG_COMPILER_APPICON_NAME = AppIcon;
				ASSETCATALOG_COMPILER_GLOBAL_ACCENT_COLOR_NAME = AccentColor;
				CODE_SIGN_ENTITLEMENTS = "Assistant GPT/Assistant_GPT.entitlements";
				CODE_SIGN_STYLE = Automatic;
				CURRENT_PROJECT_VERSION = 30;
				DEVELOPMENT_ASSET_PATHS = "\"Assistant GPT/Preview Content\"";
				DEVELOPMENT_TEAM = RV78ENMXZ2;
				ENABLE_HARDENED_RUNTIME = YES;
				ENABLE_PREVIEWS = YES;
				GENERATE_INFOPLIST_FILE = YES;
				INFOPLIST_KEY_CFBundleDisplayName = Assistant;
				"INFOPLIST_KEY_UIApplicationSceneManifest_Generation[sdk=iphoneos*]" = YES;
				"INFOPLIST_KEY_UIApplicationSceneManifest_Generation[sdk=iphonesimulator*]" = YES;
				"INFOPLIST_KEY_UIApplicationSupportsIndirectInputEvents[sdk=iphoneos*]" = YES;
				"INFOPLIST_KEY_UIApplicationSupportsIndirectInputEvents[sdk=iphonesimulator*]" = YES;
				"INFOPLIST_KEY_UILaunchScreen_Generation[sdk=iphoneos*]" = YES;
				"INFOPLIST_KEY_UILaunchScreen_Generation[sdk=iphonesimulator*]" = YES;
				"INFOPLIST_KEY_UIStatusBarStyle[sdk=iphoneos*]" = UIStatusBarStyleDefault;
				"INFOPLIST_KEY_UIStatusBarStyle[sdk=iphonesimulator*]" = UIStatusBarStyleDefault;
				INFOPLIST_KEY_UISupportedInterfaceOrientations = UIInterfaceOrientationPortrait;
				INFOPLIST_KEY_UISupportedInterfaceOrientations_iPad = "UIInterfaceOrientationLandscapeLeft UIInterfaceOrientationLandscapeRight UIInterfaceOrientationPortrait UIInterfaceOrientationPortraitUpsideDown";
				IPHONEOS_DEPLOYMENT_TARGET = 16.0;
				LD_RUNPATH_SEARCH_PATHS = "@executable_path/Frameworks";
				"LD_RUNPATH_SEARCH_PATHS[sdk=macosx*]" = "@executable_path/../Frameworks";
				MACOSX_DEPLOYMENT_TARGET = 13.0;
				MARKETING_VERSION = 1.0;
				PRODUCT_BUNDLE_IDENTIFIER = "luckdev.Assistant-GPT";
				PRODUCT_NAME = "$(TARGET_NAME)";
				SDKROOT = auto;
				SUPPORTED_PLATFORMS = "iphoneos iphonesimulator macosx";
				SWIFT_EMIT_LOC_STRINGS = YES;
				SWIFT_VERSION = 5.0;
				TARGETED_DEVICE_FAMILY = "1,2";
			};
			name = Release;
		};
		0A9E7EEE29AB7BB300DD4D19 /* Debug */ = {
			isa = XCBuildConfiguration;
			buildSettings = {
				ALWAYS_EMBED_SWIFT_STANDARD_LIBRARIES = YES;
				BUNDLE_LOADER = "$(TEST_HOST)";
				CODE_SIGN_STYLE = Automatic;
				CURRENT_PROJECT_VERSION = 1;
				DEVELOPMENT_TEAM = RV78ENMXZ2;
				GENERATE_INFOPLIST_FILE = YES;
				IPHONEOS_DEPLOYMENT_TARGET = 16.2;
				MACOSX_DEPLOYMENT_TARGET = 13.1;
				MARKETING_VERSION = 1.0;
				PRODUCT_BUNDLE_IDENTIFIER = "luckdev.Assistant-GPTTests";
				PRODUCT_NAME = "$(TARGET_NAME)";
				SDKROOT = auto;
				SUPPORTED_PLATFORMS = "iphoneos iphonesimulator macosx";
				SWIFT_EMIT_LOC_STRINGS = NO;
				SWIFT_VERSION = 5.0;
				TARGETED_DEVICE_FAMILY = "1,2";
				TEST_HOST = "$(BUILT_PRODUCTS_DIR)/Assistant GPT.app/$(BUNDLE_EXECUTABLE_FOLDER_PATH)/Assistant GPT";
			};
			name = Debug;
		};
		0A9E7EEF29AB7BB300DD4D19 /* Release */ = {
			isa = XCBuildConfiguration;
			buildSettings = {
				ALWAYS_EMBED_SWIFT_STANDARD_LIBRARIES = YES;
				BUNDLE_LOADER = "$(TEST_HOST)";
				CODE_SIGN_STYLE = Automatic;
				CURRENT_PROJECT_VERSION = 1;
				DEVELOPMENT_TEAM = RV78ENMXZ2;
				GENERATE_INFOPLIST_FILE = YES;
				IPHONEOS_DEPLOYMENT_TARGET = 16.2;
				MACOSX_DEPLOYMENT_TARGET = 13.1;
				MARKETING_VERSION = 1.0;
				PRODUCT_BUNDLE_IDENTIFIER = "luckdev.Assistant-GPTTests";
				PRODUCT_NAME = "$(TARGET_NAME)";
				SDKROOT = auto;
				SUPPORTED_PLATFORMS = "iphoneos iphonesimulator macosx";
				SWIFT_EMIT_LOC_STRINGS = NO;
				SWIFT_VERSION = 5.0;
				TARGETED_DEVICE_FAMILY = "1,2";
				TEST_HOST = "$(BUILT_PRODUCTS_DIR)/Assistant GPT.app/$(BUNDLE_EXECUTABLE_FOLDER_PATH)/Assistant GPT";
			};
			name = Release;
		};
		0A9E7EF129AB7BB300DD4D19 /* Debug */ = {
			isa = XCBuildConfiguration;
			buildSettings = {
				ALWAYS_EMBED_SWIFT_STANDARD_LIBRARIES = YES;
				CODE_SIGN_STYLE = Automatic;
				CURRENT_PROJECT_VERSION = 1;
				DEVELOPMENT_TEAM = RV78ENMXZ2;
				GENERATE_INFOPLIST_FILE = YES;
				IPHONEOS_DEPLOYMENT_TARGET = 16.2;
				MACOSX_DEPLOYMENT_TARGET = 13.1;
				MARKETING_VERSION = 1.0;
				PRODUCT_BUNDLE_IDENTIFIER = "luckdev.Assistant-GPTUITests";
				PRODUCT_NAME = "$(TARGET_NAME)";
				SDKROOT = auto;
				SUPPORTED_PLATFORMS = "iphoneos iphonesimulator macosx";
				SWIFT_EMIT_LOC_STRINGS = NO;
				SWIFT_VERSION = 5.0;
				TARGETED_DEVICE_FAMILY = "1,2";
				TEST_TARGET_NAME = "Assistant GPT";
			};
			name = Debug;
		};
		0A9E7EF229AB7BB300DD4D19 /* Release */ = {
			isa = XCBuildConfiguration;
			buildSettings = {
				ALWAYS_EMBED_SWIFT_STANDARD_LIBRARIES = YES;
				CODE_SIGN_STYLE = Automatic;
				CURRENT_PROJECT_VERSION = 1;
				DEVELOPMENT_TEAM = RV78ENMXZ2;
				GENERATE_INFOPLIST_FILE = YES;
				IPHONEOS_DEPLOYMENT_TARGET = 16.2;
				MACOSX_DEPLOYMENT_TARGET = 13.1;
				MARKETING_VERSION = 1.0;
				PRODUCT_BUNDLE_IDENTIFIER = "luckdev.Assistant-GPTUITests";
				PRODUCT_NAME = "$(TARGET_NAME)";
				SDKROOT = auto;
				SUPPORTED_PLATFORMS = "iphoneos iphonesimulator macosx";
				SWIFT_EMIT_LOC_STRINGS = NO;
				SWIFT_VERSION = 5.0;
				TARGETED_DEVICE_FAMILY = "1,2";
				TEST_TARGET_NAME = "Assistant GPT";
			};
			name = Release;
		};
/* End XCBuildConfiguration section */

/* Begin XCConfigurationList section */
		0A9E7EC029AB7BB200DD4D19 /* Build configuration list for PBXProject "Assistant GPT" */ = {
			isa = XCConfigurationList;
			buildConfigurations = (
				0A9E7EE829AB7BB300DD4D19 /* Debug */,
				0A9E7EE929AB7BB300DD4D19 /* Release */,
			);
			defaultConfigurationIsVisible = 0;
			defaultConfigurationName = Release;
		};
		0A9E7EEA29AB7BB300DD4D19 /* Build configuration list for PBXNativeTarget "Assistant GPT" */ = {
			isa = XCConfigurationList;
			buildConfigurations = (
				0A9E7EEB29AB7BB300DD4D19 /* Debug */,
				0A9E7EEC29AB7BB300DD4D19 /* Release */,
			);
			defaultConfigurationIsVisible = 0;
			defaultConfigurationName = Release;
		};
		0A9E7EED29AB7BB300DD4D19 /* Build configuration list for PBXNativeTarget "Assistant GPTTests" */ = {
			isa = XCConfigurationList;
			buildConfigurations = (
				0A9E7EEE29AB7BB300DD4D19 /* Debug */,
				0A9E7EEF29AB7BB300DD4D19 /* Release */,
			);
			defaultConfigurationIsVisible = 0;
			defaultConfigurationName = Release;
		};
		0A9E7EF029AB7BB300DD4D19 /* Build configuration list for PBXNativeTarget "Assistant GPTUITests" */ = {
			isa = XCConfigurationList;
			buildConfigurations = (
				0A9E7EF129AB7BB300DD4D19 /* Debug */,
				0A9E7EF229AB7BB300DD4D19 /* Release */,
			);
			defaultConfigurationIsVisible = 0;
			defaultConfigurationName = Release;
		};
/* End XCConfigurationList section */
	};
	rootObject = 0A9E7EBD29AB7BB200DD4D19 /* Project object */;
}
